
Microsoft Visual Studio Solution File, Format Version 12.00
# Visual Studio Version 17
VisualStudioVersion = 17.0.31717.71
MinimumVisualStudioVersion = 10.0.40219.1
Project("{9A19103F-16F7-4668-BE54-9A1E7A4F7556}") = "Notification.Jobs.Hangfire", "Notification.Jobs.Hangfire\Notification.Jobs.Hangfire.csproj", "{50777EB3-612C-4ADF-BCA0-3055208A49DB}"
EndProject
Project("{9A19103F-16F7-4668-BE54-9A1E7A4F7556}") = "Notification.Jobs.TestJob", "Notification.Jobs.TestJob\Notification.Jobs.TestJob.csproj", "{DD697D17-B594-4BA2-908F-782926C52270}"
EndProject
Project("{9A19103F-16F7-4668-BE54-9A1E7A4F7556}") = "Notification.Jobs.Commons", "Notification.Jobs.Commons\Notification.Jobs.Commons.csproj", "{9A915AF6-A70D-427C-9BA4-C3179A057375}"
EndProject
Project("{9A19103F-16F7-4668-BE54-9A1E7A4F7556}") = "Notification.Jobs.TurriJob", "Notification.Jobs.TurriJob\Notification.Jobs.TurriJob.csproj", "{703C0B95-F35D-481C-9498-3D2A0C542864}"
EndProject
Project("{9A19103F-16F7-4668-BE54-9A1E7A4F7556}") = "Notification.Jobs.Commons.Infrastructure", "Notification.Jobs.Commons.Infrastructure\Notification.Jobs.Commons.Infrastructure.csproj", "{7FAF24A9-2482-4A81-A1F1-21948493015D}"
EndProject
Global
	GlobalSection(SolutionConfigurationPlatforms) = preSolution
		Debug|Any CPU = Debug|Any CPU
		Release|Any CPU = Release|Any CPU
	EndGlobalSection
	GlobalSection(ProjectConfigurationPlatforms) = postSolution
		{50777EB3-612C-4ADF-BCA0-3055208A49DB}.Debug|Any CPU.ActiveCfg = Debug|Any CPU
		{50777EB3-612C-4ADF-BCA0-3055208A49DB}.Debug|Any CPU.Build.0 = Debug|Any CPU
		{50777EB3-612C-4ADF-BCA0-3055208A49DB}.Release|Any CPU.ActiveCfg = Release|Any CPU
		{50777EB3-612C-4ADF-BCA0-3055208A49DB}.Release|Any CPU.Build.0 = Release|Any CPU
		{DD697D17-B594-4BA2-908F-782926C52270}.Debug|Any CPU.ActiveCfg = Debug|Any CPU
		{DD697D17-B594-4BA2-908F-782926C52270}.Debug|Any CPU.Build.0 = Debug|Any CPU
		{DD697D17-B594-4BA2-908F-782926C52270}.Release|Any CPU.ActiveCfg = Release|Any CPU
		{DD697D17-B594-4BA2-908F-782926C52270}.Release|Any CPU.Build.0 = Release|Any CPU
		{9A915AF6-A70D-427C-9BA4-C3179A057375}.Debug|Any CPU.ActiveCfg = Debug|Any CPU
		{9A915AF6-A70D-427C-9BA4-C3179A057375}.Debug|Any CPU.Build.0 = Debug|Any CPU
		{9A915AF6-A70D-427C-9BA4-C3179A057375}.Release|Any CPU.ActiveCfg = Release|Any CPU
		{9A915AF6-A70D-427C-9BA4-C3179A057375}.Release|Any CPU.Build.0 = Release|Any CPU
		{703C0B95-F35D-481C-9498-3D2A0C542864}.Debug|Any CPU.ActiveCfg = Debug|Any CPU
		{703C0B95-F35D-481C-9498-3D2A0C542864}.Debug|Any CPU.Build.0 = Debug|Any CPU
		{703C0B95-F35D-481C-9498-3D2A0C542864}.Release|Any CPU.ActiveCfg = Release|Any CPU
		{703C0B95-F35D-481C-9498-3D2A0C542864}.Release|Any CPU.Build.0 = Release|Any CPU
		{7FAF24A9-2482-4A81-A1F1-21948493015D}.Debug|Any CPU.ActiveCfg = Debug|Any CPU
		{7FAF24A9-2482-4A81-A1F1-21948493015D}.Debug|Any CPU.Build.0 = Debug|Any CPU
		{7FAF24A9-2482-4A81-A1F1-21948493015D}.Release|Any CPU.ActiveCfg = Release|Any CPU
		{7FAF24A9-2482-4A81-A1F1-21948493015D}.Release|Any CPU.Build.0 = Release|Any CPU
	EndGlobalSection
	GlobalSection(SolutionProperties) = preSolution
		HideSolutionNode = FALSE
	EndGlobalSection
	GlobalSection(ExtensibilityGlobals) = postSolution
		SolutionGuid = {09277BB1-9609-43E1-AB5B-237332EF80BE}
	EndGlobalSection
EndGlobal
